
Microsoft Visual Studio Solution File, Format Version 12.00
# Visual Studio 15
VisualStudioVersion = 15.0.28010.2046
MinimumVisualStudioVersion = 10.0.40219.1
Project("{FAE04EC0-301F-11D3-BF4B-00C04F79EFBC}") = "Artest.EFCoreSample", "Artest.EFCoreSample\Artest.EFCoreSample.csproj", "{134F6442-61D1-4701-8118-22EACECC6C72}"
EndProject
Project("{FAE04EC0-301F-11D3-BF4B-00C04F79EFBC}") = "Artest.EFCore.SqlGenerationTests", "Artest.EFCore.SqlGenerationTests\Artest.EFCore.SqlGenerationTests.csproj", "{3D333A39-2E58-4927-82CB-29CE1E7089FF}"
EndProject
Global
	GlobalSection(SolutionConfigurationPlatforms) = preSolution
		Debug|Any CPU = Debug|Any CPU
		Release|Any CPU = Release|Any CPU
	EndGlobalSection
	GlobalSection(ProjectConfigurationPlatforms) = postSolution
		{134F6442-61D1-4701-8118-22EACECC6C72}.Debug|Any CPU.ActiveCfg = Debug|Any CPU
		{134F6442-61D1-4701-8118-22EACECC6C72}.Debug|Any CPU.Build.0 = Debug|Any CPU
		{134F6442-61D1-4701-8118-22EACECC6C72}.Release|Any CPU.ActiveCfg = Release|Any CPU
		{134F6442-61D1-4701-8118-22EACECC6C72}.Release|Any CPU.Build.0 = Release|Any CPU
		{3D333A39-2E58-4927-82CB-29CE1E7089FF}.Debug|Any CPU.ActiveCfg = Debug|Any CPU
		{3D333A39-2E58-4927-82CB-29CE1E7089FF}.Debug|Any CPU.Build.0 = Debug|Any CPU
		{3D333A39-2E58-4927-82CB-29CE1E7089FF}.Release|Any CPU.ActiveCfg = Release|Any CPU
		{3D333A39-2E58-4927-82CB-29CE1E7089FF}.Release|Any CPU.Build.0 = Release|Any CPU
	EndGlobalSection
	GlobalSection(SolutionProperties) = preSolution
		HideSolutionNode = FALSE
	EndGlobalSection
	GlobalSection(ExtensibilityGlobals) = postSolution
		SolutionGuid = {42FB3A06-10C0-4603-B9B9-BA01E5BB6861}
	EndGlobalSection
EndGlobal
